{
  "name": "js-pro-hw3-use-lib-for-nodejs",
  "version": "1.0.0",
  "lockfileVersion": 3,
  "requires": true,
  "packages": {
    "": {
      "name": "js-pro-hw3-use-lib-for-nodejs",
      "version": "1.0.0",
      "license": "ISC",
      "dependencies": {
        "@genitr/js-pro-hw3-lib-for-nodejs": "^1.0.0"
      }
    },
    "node_modules/@genitr/js-pro-hw3-lib-for-nodejs": {
      "version": "1.0.0",
      "resolved": "https://npm.pkg.github.com/download/@genitr/js-pro-hw3-lib-for-nodejs/1.0.0/fce915586002fa261f4aa4fa1363c154170a8b6a",
      "integrity": "sha512-idHQbqPyOgQe11teeObnF9Ewn6KhYkahv1OG6aiLi/be0zXLwEKaKfNwlnhz4qkirAy5tz7iX6RB7M7MpQ743Q==",
      "license": "ISC"
    }
  }
}
